// !$*UTF8*$!
{
	archiveVersion = 1;
	classes = {
	};
	objectVersion = 55;
	objects = {

/* Begin PBXBuildFile section */
		89987C712797C94700C36E89 /* AppDelegate.swift in Sources */ = {isa = PBXBuildFile; fileRef = 89987C702797C94700C36E89 /* AppDelegate.swift */; };
		89987C732797C94700C36E89 /* SceneDelegate.swift in Sources */ = {isa = PBXBuildFile; fileRef = 89987C722797C94700C36E89 /* SceneDelegate.swift */; };
		89987C752797C94700C36E89 /* ViewController.swift in Sources */ = {isa = PBXBuildFile; fileRef = 89987C742797C94700C36E89 /* ViewController.swift */; };
		89987C782797C94700C36E89 /* Main.storyboard in Resources */ = {isa = PBXBuildFile; fileRef = 89987C762797C94700C36E89 /* Main.storyboard */; };
		89987C7A2797C94800C36E89 /* Assets.xcassets in Resources */ = {isa = PBXBuildFile; fileRef = 89987C792797C94800C36E89 /* Assets.xcassets */; };
		89987C7D2797C94800C36E89 /* LaunchScreen.storyboard in Resources */ = {isa = PBXBuildFile; fileRef = 89987C7B2797C94800C36E89 /* LaunchScreen.storyboard */; };
		89987C882797C94900C36E89 /* BoundingRectTestTests.swift in Sources */ = {isa = PBXBuildFile; fileRef = 89987C872797C94900C36E89 /* BoundingRectTestTests.swift */; };
		89987C922797C94900C36E89 /* BoundingRectTestUITests.swift in Sources */ = {isa = PBXBuildFile; fileRef = 89987C912797C94900C36E89 /* BoundingRectTestUITests.swift */; };
		89987C942797C94900C36E89 /* BoundingRectTestUITestsLaunchTests.swift in Sources */ = {isa = PBXBuildFile; fileRef = 89987C932797C94900C36E89 /* BoundingRectTestUITestsLaunchTests.swift */; };
/* End PBXBuildFile section */

/* Begin PBXContainerItemProxy section */
		89987C842797C94900C36E89 /* PBXContainerItemProxy */ = {
			isa = PBXContainerItemProxy;
			containerPortal = 89987C652797C94700C36E89 /* Project object */;
			proxyType = 1;
			remoteGlobalIDString = 89987C6C2797C94700C36E89;
			remoteInfo = BoundingRectTest;
		};
		89987C8E2797C94900C36E89 /* PBXContainerItemProxy */ = {
			isa = PBXContainerItemProxy;
			containerPortal = 89987C652797C94700C36E89 /* Project object */;
			proxyType = 1;
			remoteGlobalIDString = 89987C6C2797C94700C36E89;
			remoteInfo = BoundingRectTest;
		};
/* End PBXContainerItemProxy section */

/* Begin PBXFileReference section */
		89987C6D2797C94700C36E89 /* BoundingRectTest.app */ = {isa = PBXFileReference; explicitFileType = wrapper.application; includeInIndex = 0; path = BoundingRectTest.app; sourceTree = BUILT_PRODUCTS_DIR; };
		89987C702797C94700C36E89 /* AppDelegate.swift */ = {isa = PBXFileReference; lastKnownFileType = sourcecode.swift; path = AppDelegate.swift; sourceTree = "<group>"; };
		89987C722797C94700C36E89 /* SceneDelegate.swift */ = {isa = PBXFileReference; lastKnownFileType = sourcecode.swift; path = SceneDelegate.swift; sourceTree = "<group>"; };
		89987C742797C94700C36E89 /* ViewController.swift */ = {isa = PBXFileReference; lastKnownFileType = sourcecode.swift; path = ViewController.swift; sourceTree = "<group>"; };
		89987C772797C94700C36E89 /* Base */ = {isa = PBXFileReference; lastKnownFileType = file.storyboard; name = Base; path = Base.lproj/Main.storyboard; sourceTree = "<group>"; };
		89987C792797C94800C36E89 /* Assets.xcassets */ = {isa = PBXFileReference; lastKnownFileType = folder.assetcatalog; path = Assets.xcassets; sourceTree = "<group>"; };
		89987C7C2797C94800C36E89 /* Base */ = {isa = PBXFileReference; lastKnownFileType = file.storyboard; name = Base; path = Base.lproj/LaunchScreen.storyboard; sourceTree = "<group>"; };
		89987C7E2797C94800C36E89 /* Info.plist */ = {isa = PBXFileReference; lastKnownFileType = text.plist.xml; path = Info.plist; sourceTree = "<group>"; };
		89987C832797C94900C36E89 /* BoundingRectTestTests.xctest */ = {isa = PBXFileReference; explicitFileType = wrapper.cfbundle; includeInIndex = 0; path = BoundingRectTestTests.xctest; sourceTree = BUILT_PRODUCTS_DIR; };
		89987C872797C94900C36E89 /* BoundingRectTestTests.swift */ = {isa = PBXFileReference; lastKnownFileType = sourcecode.swift; path = BoundingRectTestTests.swift; sourceTree = "<group>"; };
		89987C8D2797C94900C36E89 /* BoundingRectTestUITests.xctest */ = {isa = PBXFileReference; explicitFileType = wrapper.cfbundle; includeInIndex = 0; path = BoundingRectTestUITests.xctest; sourceTree = BUILT_PRODUCTS_DIR; };
		89987C912797C94900C36E89 /* BoundingRectTestUITests.swift */ = {isa = PBXFileReference; lastKnownFileType = sourcecode.swift; path = BoundingRectTestUITests.swift; sourceTree = "<group>"; };
		89987C932797C94900C36E89 /* BoundingRectTestUITestsLaunchTests.swift */ = {isa = PBXFileReference; lastKnownFileType = sourcecode.swift; path = BoundingRectTestUITestsLaunchTests.swift; sourceTree = "<group>"; };
/* End PBXFileReference section */

/* Begin PBXFrameworksBuildPhase section */
		89987C6A2797C94700C36E89 /* Frameworks */ = {
			isa = PBXFrameworksBuildPhase;
			buildActionMask = 2147483647;
			files = (
			);
			runOnlyForDeploymentPostprocessing = 0;
		};
		89987C802797C94900C36E89 /* Frameworks */ = {
			isa = PBXFrameworksBuildPhase;
			buildActionMask = 2147483647;
			files = (
			);
			runOnlyForDeploymentPostprocessing = 0;
		};
		89987C8A2797C94900C36E89 /* Frameworks */ = {
			isa = PBXFrameworksBuildPhase;
			buildActionMask = 2147483647;
			files = (
			);
			runOnlyForDeploymentPostprocessing = 0;
		};
/* End PBXFrameworksBuildPhase section */

/* Begin PBXGroup section */
		89987C642797C94700C36E89 = {
			isa = PBXGroup;
			children = (
				89987C6F2797C94700C36E89 /* BoundingRectTest */,
				89987C862797C94900C36E89 /* BoundingRectTestTests */,
				89987C902797C94900C36E89 /* BoundingRectTestUITests */,
				89987C6E2797C94700C36E89 /* Products */,
			);
			sourceTree = "<group>";
		};
		89987C6E2797C94700C36E89 /* Products */ = {
			isa = PBXGroup;
			children = (
				89987C6D2797C94700C36E89 /* BoundingRectTest.app */,
				89987C832797C94900C36E89 /* BoundingRectTestTests.xctest */,
				89987C8D2797C94900C36E89 /* BoundingRectTestUITests.xctest */,
			);
			name = Products;
			sourceTree = "<group>";
		};
		89987C6F2797C94700C36E89 /* BoundingRectTest */ = {
			isa = PBXGroup;
			children = (
				89987C702797C94700C36E89 /* AppDelegate.swift */,
				89987C722797C94700C36E89 /* SceneDelegate.swift */,
				89987C742797C94700C36E89 /* ViewController.swift */,
				89987C762797C94700C36E89 /* Main.storyboard */,
				89987C792797C94800C36E89 /* Assets.xcassets */,
				89987C7B2797C94800C36E89 /* LaunchScreen.storyboard */,
				89987C7E2797C94800C36E89 /* Info.plist */,
			);
			path = BoundingRectTest;
			sourceTree = "<group>";
		};
		89987C862797C94900C36E89 /* BoundingRectTestTests */ = {
			isa = PBXGroup;
			children = (
				89987C872797C94900C36E89 /* BoundingRectTestTests.swift */,
			);
			path = BoundingRectTestTests;
			sourceTree = "<group>";
		};
		89987C902797C94900C36E89 /* BoundingRectTestUITests */ = {
			isa = PBXGroup;
			children = (
				89987C912797C94900C36E89 /* BoundingRectTestUITests.swift */,
				89987C932797C94900C36E89 /* BoundingRectTestUITestsLaunchTests.swift */,
			);
			path = BoundingRectTestUITests;
			sourceTree = "<group>";
		};
/* End PBXGroup section */

/* Begin PBXNativeTarget section */
		89987C6C2797C94700C36E89 /* BoundingRectTest */ = {
			isa = PBXNativeTarget;
			buildConfigurationList = 89987C972797C94900C36E89 /* Build configuration list for PBXNativeTarget "BoundingRectTest" */;
			buildPhases = (
				89987C692797C94700C36E89 /* Sources */,
				89987C6A2797C94700C36E89 /* Frameworks */,
				89987C6B2797C94700C36E89 /* Resources */,
			);
			buildRules = (
			);
			dependencies = (
			);
			name = BoundingRectTest;
			productName = BoundingRectTest;
			productReference = 89987C6D2797C94700C36E89 /* BoundingRectTest.app */;
			productType = "com.apple.product-type.application";
		};
		89987C822797C94900C36E89 /* BoundingRectTestTests */ = {
			isa = PBXNativeTarget;
			buildConfigurationList = 89987C9A2797C94900C36E89 /* Build configuration list for PBXNativeTarget "BoundingRectTestTests" */;
			buildPhases = (
				89987C7F2797C94900C36E89 /* Sources */,
				89987C802797C94900C36E89 /* Frameworks */,
				89987C812797C94900C36E89 /* Resources */,
			);
			buildRules = (
			);
			dependencies = (
				89987C852797C94900C36E89 /* PBXTargetDependency */,
			);
			name = BoundingRectTestTests;
			productName = BoundingRectTestTests;
			productReference = 89987C832797C94900C36E89 /* BoundingRectTestTests.xctest */;
			productType = "com.apple.product-type.bundle.unit-test";
		};
		89987C8C2797C94900C36E89 /* BoundingRectTestUITests */ = {
			isa = PBXNativeTarget;
			buildConfigurationList = 89987C9D2797C94900C36E89 /* Build configuration list for PBXNativeTarget "BoundingRectTestUITests" */;
			buildPhases = (
				89987C892797C94900C36E89 /* Sources */,
				89987C8A2797C94900C36E89 /* Frameworks */,
				89987C8B2797C94900C36E89 /* Resources */,
			);
			buildRules = (
			);
			dependencies = (
				89987C8F2797C94900C36E89 /* PBXTargetDependency */,
			);
			name = BoundingRectTestUITests;
			productName = BoundingRectTestUITests;
			productReference = 89987C8D2797C94900C36E89 /* BoundingRectTestUITests.xctest */;
			productType = "com.apple.product-type.bundle.ui-testing";
		};
/* End PBXNativeTarget section */

/* Begin PBXProject section */
		89987C652797C94700C36E89 /* Project object */ = {
			isa = PBXProject;
			attributes = {
				BuildIndependentTargetsInParallel = 1;
				LastSwiftUpdateCheck = 1320;
				LastUpgradeCheck = 1320;
				TargetAttributes = {
					89987C6C2797C94700C36E89 = {
						CreatedOnToolsVersion = 13.2.1;
					};
					89987C822797C94900C36E89 = {
						CreatedOnToolsVersion = 13.2.1;
						TestTargetID = 89987C6C2797C94700C36E89;
					};
					89987C8C2797C94900C36E89 = {
						CreatedOnToolsVersion = 13.2.1;
						TestTargetID = 89987C6C2797C94700C36E89;
					};
				};
			};
			buildConfigurationList = 89987C682797C94700C36E89 /* Build configuration list for PBXProject "BoundingRectTest" */;
			compatibilityVersion = "Xcode 13.0";
			developmentRegion = en;
			hasScannedForEncodings = 0;
			knownRegions = (
				en,
				Base,
			);
			mainGroup = 89987C642797C94700C36E89;
			productRefGroup = 89987C6E2797C94700C36E89 /* Products */;
			projectDirPath = "";
			projectRoot = "";
			targets = (
				89987C6C2797C94700C36E89 /* BoundingRectTest */,
				89987C822797C94900C36E89 /* BoundingRectTestTests */,
				89987C8C2797C94900C36E89 /* BoundingRectTestUITests */,
			);
		};
/* End PBXProject section */

/* Begin PBXResourcesBuildPhase section */
		89987C6B2797C94700C36E89 /* Resources */ = {
			isa = PBXResourcesBuildPhase;
			buildActionMask = 2147483647;
			files = (
				89987C7D2797C94800C36E89 /* LaunchScreen.storyboard in Resources */,
				89987C7A2797C94800C36E89 /* Assets.xcassets in Resources */,
				89987C782797C94700C36E89 /* Main.storyboard in Resources */,
			);
			runOnlyForDeploymentPostprocessing = 0;
		};
		89987C812797C94900C36E89 /* Resources */ = {
			isa = PBXResourcesBuildPhase;
			buildActionMask = 2147483647;
			files = (
			);
			runOnlyForDeploymentPostprocessing = 0;
		};
		89987C8B2797C94900C36E89 /* Resources */ = {
			isa = PBXResourcesBuildPhase;
			buildActionMask = 2147483647;
			files = (
			);
			runOnlyForDeploymentPostprocessing = 0;
		};
/* End PBXResourcesBuildPhase section */

/* Begin PBXSourcesBuildPhase section */
		89987C692797C94700C36E89 /* Sources */ = {
			isa = PBXSourcesBuildPhase;
			buildActionMask = 2147483647;
			files = (
				89987C752797C94700C36E89 /* ViewController.swift in Sources */,
				89987C712797C94700C36E89 /* AppDelegate.swift in Sources */,
				89987C732797C94700C36E89 /* SceneDelegate.swift in Sources */,
			);
			runOnlyForDeploymentPostprocessing = 0;
		};
		89987C7F2797C94900C36E89 /* Sources */ = {
			isa = PBXSourcesBuildPhase;
			buildActionMask = 2147483647;
			files = (
				89987C882797C94900C36E89 /* BoundingRectTestTests.swift in Sources */,
			);
			runOnlyForDeploymentPostprocessing = 0;
		};
		89987C892797C94900C36E89 /* Sources */ = {
			isa = PBXSourcesBuildPhase;
			buildActionMask = 2147483647;
			files = (
				89987C942797C94900C36E89 /* BoundingRectTestUITestsLaunchTests.swift in Sources */,
				89987C922797C94900C36E89 /* BoundingRectTestUITests.swift in Sources */,
			);
			runOnlyForDeploymentPostprocessing = 0;
		};
/* End PBXSourcesBuildPhase section */

/* Begin PBXTargetDependency section */
		89987C852797C94900C36E89 /* PBXTargetDependency */ = {
			isa = PBXTargetDependency;
			target = 89987C6C2797C94700C36E89 /* BoundingRectTest */;
			targetProxy = 89987C842797C94900C36E89 /* PBXContainerItemProxy */;
		};
		89987C8F2797C94900C36E89 /* PBXTargetDependency */ = {
			isa = PBXTargetDependency;
			target = 89987C6C2797C94700C36E89 /* BoundingRectTest */;
			targetProxy = 89987C8E2797C94900C36E89 /* PBXContainerItemProxy */;
		};
/* End PBXTargetDependency section */

/* Begin PBXVariantGroup section */
		89987C762797C94700C36E89 /* Main.storyboard */ = {
			isa = PBXVariantGroup;
			children = (
				89987C772797C94700C36E89 /* Base */,
			);
			name = Main.storyboard;
			sourceTree = "<group>";
		};
		89987C7B2797C94800C36E89 /* LaunchScreen.storyboard */ = {
			isa = PBXVariantGroup;
			children = (
				89987C7C2797C94800C36E89 /* Base */,
			);
			name = LaunchScreen.storyboard;
			sourceTree = "<group>";
		};
/* End PBXVariantGroup section */

/* Begin XCBuildConfiguration section */
		89987C952797C94900C36E89 /* Debug */ = {
			isa = XCBuildConfiguration;
			buildSettings = {
				ALWAYS_SEARCH_USER_PATHS = NO;
				CLANG_ANALYZER_NONNULL = YES;
				CLANG_ANALYZER_NUMBER_OBJECT_CONVERSION = YES_AGGRESSIVE;
				CLANG_CXX_LANGUAGE_STANDARD = "gnu++17";
				CLANG_CXX_LIBRARY = "libc++";
				CLANG_ENABLE_MODULES = YES;
				CLANG_ENABLE_OBJC_ARC = YES;
				CLANG_ENABLE_OBJC_WEAK = YES;
				CLANG_WARN_BLOCK_CAPTURE_AUTORELEASING = YES;
				CLANG_WARN_BOOL_CONVERSION = YES;
				CLANG_WARN_COMMA = YES;
				CLANG_WARN_CONSTANT_CONVERSION = YES;
				CLANG_WARN_DEPRECATED_OBJC_IMPLEMENTATIONS = YES;
				CLANG_WARN_DIRECT_OBJC_ISA_USAGE = YES_ERROR;
				CLANG_WARN_DOCUMENTATION_COMMENTS = YES;
				CLANG_WARN_EMPTY_BODY = YES;
				CLANG_WARN_ENUM_CONVERSION = YES;
				CLANG_WARN_INFINITE_RECURSION = YES;
				CLANG_WARN_INT_CONVERSION = YES;
				CLANG_WARN_NON_LITERAL_NULL_CONVERSION = YES;
				CLANG_WARN_OBJC_IMPLICIT_RETAIN_SELF = YES;
				CLANG_WARN_OBJC_LITERAL_CONVERSION = YES;
				CLANG_WARN_OBJC_ROOT_CLASS = YES_ERROR;
				CLANG_WARN_QUOTED_INCLUDE_IN_FRAMEWORK_HEADER = YES;
				CLANG_WARN_RANGE_LOOP_ANALYSIS = YES;
				CLANG_WARN_STRICT_PROTOTYPES = YES;
				CLANG_WARN_SUSPICIOUS_MOVE = YES;
				CLANG_WARN_UNGUARDED_AVAILABILITY = YES_AGGRESSIVE;
				CLANG_WARN_UNREACHABLE_CODE = YES;
				CLANG_WARN__DUPLICATE_METHOD_MATCH = YES;
				COPY_PHASE_STRIP = NO;
				DEBUG_INFORMATION_FORMAT = dwarf;
				ENABLE_STRICT_OBJC_MSGSEND = YES;
				ENABLE_TESTABILITY = YES;
				GCC_C_LANGUAGE_STANDARD = gnu11;
				GCC_DYNAMIC_NO_PIC = NO;
				GCC_NO_COMMON_BLOCKS = YES;
				GCC_OPTIMIZATION_LEVEL = 0;
				GCC_PREPROCESSOR_DEFINITIONS = (
					"DEBUG=1",
					"$(inherited)",
				);
				GCC_WARN_64_TO_32_BIT_CONVERSION = YES;
				GCC_WARN_ABOUT_RETURN_TYPE = YES_ERROR;
				GCC_WARN_UNDECLARED_SELECTOR = YES;
				GCC_WARN_UNINITIALIZED_AUTOS = YES_AGGRESSIVE;
				GCC_WARN_UNUSED_FUNCTION = YES;
				GCC_WARN_UNUSED_VARIABLE = YES;
				IPHONEOS_DEPLOYMENT_TARGET = 15.2;
				MTL_ENABLE_DEBUG_INFO = INCLUDE_SOURCE;
				MTL_FAST_MATH = YES;
				ONLY_ACTIVE_ARCH = YES;
				SDKROOT = iphoneos;
				SWIFT_ACTIVE_COMPILATION_CONDITIONS = DEBUG;
				SWIFT_OPTIMIZATION_LEVEL = "-Onone";
			};
			name = Debug;
		};
		89987C962797C94900C36E89 /* Release */ = {
			isa = XCBuildConfiguration;
			buildSettings = {
				ALWAYS_SEARCH_USER_PATHS = NO;
				CLANG_ANALYZER_NONNULL = YES;
				CLANG_ANALYZER_NUMBER_OBJECT_CONVERSION = YES_AGGRESSIVE;
				CLANG_CXX_LANGUAGE_STANDARD = "gnu++17";
				CLANG_CXX_LIBRARY = "libc++";
				CLANG_ENABLE_MODULES = YES;
				CLANG_ENABLE_OBJC_ARC = YES;
				CLANG_ENABLE_OBJC_WEAK = YES;
				CLANG_WARN_BLOCK_CAPTURE_AUTORELEASING = YES;
				CLANG_WARN_BOOL_CONVERSION = YES;
				CLANG_WARN_COMMA = YES;
				CLANG_WARN_CONSTANT_CONVERSION = YES;
				CLANG_WARN_DEPRECATED_OBJC_IMPLEMENTATIONS = YES;
				CLANG_WARN_DIRECT_OBJC_ISA_USAGE = YES_ERROR;
				CLANG_WARN_DOCUMENTATION_COMMENTS = YES;
				CLANG_WARN_EMPTY_BODY = YES;
				CLANG_WARN_ENUM_CONVERSION = YES;
				CLANG_WARN_INFINITE_RECURSION = YES;
				CLANG_WARN_INT_CONVERSION = YES;
				CLANG_WARN_NON_LITERAL_NULL_CONVERSION = YES;
				CLANG_WARN_OBJC_IMPLICIT_RETAIN_SELF = YES;
				CLANG_WARN_OBJC_LITERAL_CONVERSION = YES;
				CLANG_WARN_OBJC_ROOT_CLASS = YES_ERROR;
				CLANG_WARN_QUOTED_INCLUDE_IN_FRAMEWORK_HEADER = YES;
				CLANG_WARN_RANGE_LOOP_ANALYSIS = YES;
				CLANG_WARN_STRICT_PROTOTYPES = YES;
				CLANG_WARN_SUSPICIOUS_MOVE = YES;
				CLANG_WARN_UNGUARDED_AVAILABILITY = YES_AGGRESSIVE;
				CLANG_WARN_UNREACHABLE_CODE = YES;
				CLANG_WARN__DUPLICATE_METHOD_MATCH = YES;
				COPY_PHASE_STRIP = NO;
				DEBUG_INFORMATION_FORMAT = "dwarf-with-dsym";
				ENABLE_NS_ASSERTIONS = NO;
				ENABLE_STRICT_OBJC_MSGSEND = YES;
				GCC_C_LANGUAGE_STANDARD = gnu11;
				GCC_NO_COMMON_BLOCKS = YES;
				GCC_WARN_64_TO_32_BIT_CONVERSION = YES;
				GCC_WARN_ABOUT_RETURN_TYPE = YES_ERROR;
				GCC_WARN_UNDECLARED_SELECTOR = YES;
				GCC_WARN_UNINITIALIZED_AUTOS = YES_AGGRESSIVE;
				GCC_WARN_UNUSED_FUNCTION = YES;
				GCC_WARN_UNUSED_VARIABLE = YES;
				IPHONEOS_DEPLOYMENT_TARGET = 15.2;
				MTL_ENABLE_DEBUG_INFO = NO;
				MTL_FAST_MATH = YES;
				SDKROOT = iphoneos;
				SWIFT_COMPILATION_MODE = wholemodule;
				SWIFT_OPTIMIZATION_LEVEL = "-O";
				VALIDATE_PRODUCT = YES;
			};
			name = Release;
		};
		89987C982797C94900C36E89 /* Debug */ = {
			isa = XCBuildConfiguration;
			buildSettings = {
				ASSETCATALOG_COMPILER_APPICON_NAME = AppIcon;
				ASSETCATALOG_COMPILER_GLOBAL_ACCENT_COLOR_NAME = AccentColor;
				CODE_SIGN_STYLE = Automatic;
				CURRENT_PROJECT_VERSION = 1;
				GENERATE_INFOPLIST_FILE = YES;
				INFOPLIST_FILE = BoundingRectTest/Info.plist;
				INFOPLIST_KEY_UIApplicationSupportsIndirectInputEvents = YES;
				INFOPLIST_KEY_UILaunchStoryboardName = LaunchScreen;
				INFOPLIST_KEY_UIMainStoryboardFile = Main;
				INFOPLIST_KEY_UISupportedInterfaceOrientations_iPad = "UIInterfaceOrientationPortrait UIInterfaceOrientationPortraitUpsideDown UIInterfaceOrientationLandscapeLeft UIInterfaceOrientationLandscapeRight";
				INFOPLIST_KEY_UISupportedInterfaceOrientations_iPhone = "UIInterfaceOrientationPortrait UIInterfaceOrientationLandscapeLeft UIInterfaceOrientationLandscapeRight";
				IPHONEOS_DEPLOYMENT_TARGET = 14.0;
				LD_RUNPATH_SEARCH_PATHS = (
					"$(inherited)",
					"@executable_path/Frameworks",
				);
				MARKETING_VERSION = 1.0;
				PRODUCT_BUNDLE_IDENTIFIER = test.BoundingRectTest;
				PRODUCT_NAME = "$(TARGET_NAME)";
				SWIFT_EMIT_LOC_STRINGS = YES;
				SWIFT_VERSION = 5.0;
				TARGETED_DEVICE_FAMILY = "1,2";
			};
			name = Debug;
		};
		89987C992797C94900C36E89 /* Release */ = {
			isa = XCBuildConfiguration;
			buildSettings = {
				ASSETCATALOG_COMPILER_APPICON_NAME = AppIcon;
				ASSETCATALOG_COMPILER_GLOBAL_ACCENT_COLOR_NAME = AccentColor;
				CODE_SIGN_STYLE = Automatic;
				CURRENT_PROJECT_VERSION = 1;
				GENERATE_INFOPLIST_FILE = YES;
				INFOPLIST_FILE = BoundingRectTest/Info.plist;
				INFOPLIST_KEY_UIApplicationSupportsIndirectInputEvents = YES;
				INFOPLIST_KEY_UILaunchStoryboardName = LaunchScreen;
				INFOPLIST_KEY_UIMainStoryboardFile = Main;
				INFOPLIST_KEY_UISupportedInterfaceOrientations_iPad = "UIInterfaceOrientationPortrait UIInterfaceOrientationPortraitUpsideDown UIInterfaceOrientationLandscapeLeft UIInterfaceOrientationLandscapeRight";
				INFOPLIST_KEY_UISupportedInterfaceOrientations_iPhone = "UIInterfaceOrientationPortrait UIInterfaceOrientationLandscapeLeft UIInterfaceOrientationLandscapeRight";
				IPHONEOS_DEPLOYMENT_TARGET = 14.0;
				LD_RUNPATH_SEARCH_PATHS = (
					"$(inherited)",
					"@executable_path/Frameworks",
				);
				MARKETING_VERSION = 1.0;
				PRODUCT_BUNDLE_IDENTIFIER = test.BoundingRectTest;
				PRODUCT_NAME = "$(TARGET_NAME)";
				SWIFT_EMIT_LOC_STRINGS = YES;
				SWIFT_VERSION = 5.0;
				TARGETED_DEVICE_FAMILY = "1,2";
			};
			name = Release;
		};
		89987C9B2797C94900C36E89 /* Debug */ = {
			isa = XCBuildConfiguration;
			buildSettings = {
				ALWAYS_EMBED_SWIFT_STANDARD_LIBRARIES = YES;
				BUNDLE_LOADER = "$(TEST_HOST)";
				CODE_SIGN_STYLE = Automatic;
				CURRENT_PROJECT_VERSION = 1;
				GENERATE_INFOPLIST_FILE = YES;
				IPHONEOS_DEPLOYMENT_TARGET = 15.2;
				MARKETING_VERSION = 1.0;
				PRODUCT_BUNDLE_IDENTIFIER = test.BoundingRectTestTests;
				PRODUCT_NAME = "$(TARGET_NAME)";
				SWIFT_EMIT_LOC_STRINGS = NO;
				SWIFT_VERSION = 5.0;
				TARGETED_DEVICE_FAMILY = "1,2";
				TEST_HOST = "$(BUILT_PRODUCTS_DIR)/BoundingRectTest.app/BoundingRectTest";
			};
			name = Debug;
		};
		89987C9C2797C94900C36E89 /* Release */ = {
			isa = XCBuildConfiguration;
			buildSettings = {
				ALWAYS_EMBED_SWIFT_STANDARD_LIBRARIES = YES;
				BUNDLE_LOADER = "$(TEST_HOST)";
				CODE_SIGN_STYLE = Automatic;
				CURRENT_PROJECT_VERSION = 1;
				GENERATE_INFOPLIST_FILE = YES;
				IPHONEOS_DEPLOYMENT_TARGET = 15.2;
				MARKETING_VERSION = 1.0;
				PRODUCT_BUNDLE_IDENTIFIER = test.BoundingRectTestTests;
				PRODUCT_NAME = "$(TARGET_NAME)";
				SWIFT_EMIT_LOC_STRINGS = NO;
				SWIFT_VERSION = 5.0;
				TARGETED_DEVICE_FAMILY = "1,2";
				TEST_HOST = "$(BUILT_PRODUCTS_DIR)/BoundingRectTest.app/BoundingRectTest";
			};
			name = Release;
		};
		89987C9E2797C94900C36E89 /* Debug */ = {
			isa = XCBuildConfiguration;
			buildSettings = {
				ALWAYS_EMBED_SWIFT_STANDARD_LIBRARIES = YES;
				CODE_SIGN_STYLE = Automatic;
				CURRENT_PROJECT_VERSION = 1;
				GENERATE_INFOPLIST_FILE = YES;
				MARKETING_VERSION = 1.0;
				PRODUCT_BUNDLE_IDENTIFIER = test.BoundingRectTestUITests;
				PRODUCT_NAME = "$(TARGET_NAME)";
				SWIFT_EMIT_LOC_STRINGS = NO;
				SWIFT_VERSION = 5.0;
				TARGETED_DEVICE_FAMILY = "1,2";
				TEST_TARGET_NAME = BoundingRectTest;
			};
			name = Debug;
		};
		89987C9F2797C94900C36E89 /* Release */ = {
			isa = XCBuildConfiguration;
			buildSettings = {
				ALWAYS_EMBED_SWIFT_STANDARD_LIBRARIES = YES;
				CODE_SIGN_STYLE = Automatic;
				CURRENT_PROJECT_VERSION = 1;
				GENERATE_INFOPLIST_FILE = YES;
				MARKETING_VERSION = 1.0;
				PRODUCT_BUNDLE_IDENTIFIER = test.BoundingRectTestUITests;
				PRODUCT_NAME = "$(TARGET_NAME)";
				SWIFT_EMIT_LOC_STRINGS = NO;
				SWIFT_VERSION = 5.0;
				TARGETED_DEVICE_FAMILY = "1,2";
				TEST_TARGET_NAME = BoundingRectTest;
			};
			name = Release;
		};
/* End XCBuildConfiguration section */

/* Begin XCConfigurationList section */
		89987C682797C94700C36E89 /* Build configuration list for PBXProject "BoundingRectTest" */ = {
			isa = XCConfigurationList;
			buildConfigurations = (
				89987C952797C94900C36E89 /* Debug */,
				89987C962797C94900C36E89 /* Release */,
			);
			defaultConfigurationIsVisible = 0;
			defaultConfigurationName = Release;
		};
		89987C972797C94900C36E89 /* Build configuration list for PBXNativeTarget "BoundingRectTest" */ = {
			isa = XCConfigurationList;
			buildConfigurations = (
				89987C982797C94900C36E89 /* Debug */,
				89987C992797C94900C36E89 /* Release */,
			);
			defaultConfigurationIsVisible = 0;
			defaultConfigurationName = Release;
		};
		89987C9A2797C94900C36E89 /* Build configuration list for PBXNativeTarget "BoundingRectTestTests" */ = {
			isa = XCConfigurationList;
			buildConfigurations = (
				89987C9B2797C94900C36E89 /* Debug */,
				89987C9C2797C94900C36E89 /* Release */,
			);
			defaultConfigurationIsVisible = 0;
			defaultConfigurationName = Release;
		};
		89987C9D2797C94900C36E89 /* Build configuration list for PBXNativeTarget "BoundingRectTestUITests" */ = {
			isa = XCConfigurationList;
			buildConfigurations = (
				89987C9E2797C94900C36E89 /* Debug */,
				89987C9F2797C94900C36E89 /* Release */,
			);
			defaultConfigurationIsVisible = 0;
			defaultConfigurationName = Release;
		};
/* End XCConfigurationList section */
	};
	rootObject = 89987C652797C94700C36E89 /* Project object */;
}
